// !$*UTF8*$!
{
	archiveVersion = 1;
	classes = {
	};
	objectVersion = 55;
	objects = {

/* Begin PBXBuildFile section */
		FA24E5552A97F71D009EC083 /* SignInVC.swift in Sources */ = {isa = PBXBuildFile; fileRef = FA24E5542A97F71D009EC083 /* SignInVC.swift */; };
		FA24E5572A981032009EC083 /* CreateAccaountVC.swift in Sources */ = {isa = PBXBuildFile; fileRef = FA24E5562A981032009EC083 /* CreateAccaountVC.swift */; };
		FA4EB2A52A9AA7C3007CD829 /* UIViewControllerExt.swift in Sources */ = {isa = PBXBuildFile; fileRef = FA4EB2A42A9AA7C3007CD829 /* UIViewControllerExt.swift */; };
		FA880E4C2A975D60006AC1BC /* AppDelegate.swift in Sources */ = {isa = PBXBuildFile; fileRef = FA880E4B2A975D60006AC1BC /* AppDelegate.swift */; };
		FA880E4E2A975D60006AC1BC /* SceneDelegate.swift in Sources */ = {isa = PBXBuildFile; fileRef = FA880E4D2A975D60006AC1BC /* SceneDelegate.swift */; };
		FA880E532A975D60006AC1BC /* MainStoryboard.storyboard in Resources */ = {isa = PBXBuildFile; fileRef = FA880E512A975D60006AC1BC /* MainStoryboard.storyboard */; };
		FA880E552A975D63006AC1BC /* Assets.xcassets in Resources */ = {isa = PBXBuildFile; fileRef = FA880E542A975D63006AC1BC /* Assets.xcassets */; };
		FA880E582A975D63006AC1BC /* LaunchScreen.storyboard in Resources */ = {isa = PBXBuildFile; fileRef = FA880E562A975D63006AC1BC /* LaunchScreen.storyboard */; };
		FA880E622A976059006AC1BC /* SignInStoryboard.storyboard in Resources */ = {isa = PBXBuildFile; fileRef = FA880E612A976059006AC1BC /* SignInStoryboard.storyboard */; };
		FA880E642A97663D006AC1BC /* SignUpStoryboard.storyboard in Resources */ = {isa = PBXBuildFile; fileRef = FA880E632A97663D006AC1BC /* SignUpStoryboard.storyboard */; };
		FA8D70AA2A9D06D800FFDD69 /* VerificationService.swift in Sources */ = {isa = PBXBuildFile; fileRef = FA8D70A92A9D06D800FFDD69 /* VerificationService.swift */; };
		FA8D70AD2A9D52EE00FFDD69 /* UserModel.swift in Sources */ = {isa = PBXBuildFile; fileRef = FA8D70AC2A9D52EE00FFDD69 /* UserModel.swift */; };
		FA8D70AF2A9D572800FFDD69 /* VerificationsVC.swift in Sources */ = {isa = PBXBuildFile; fileRef = FA8D70AE2A9D572800FFDD69 /* VerificationsVC.swift */; };
/* End PBXBuildFile section */

/* Begin PBXFileReference section */
		FA24E5542A97F71D009EC083 /* SignInVC.swift */ = {isa = PBXFileReference; lastKnownFileType = sourcecode.swift; path = SignInVC.swift; sourceTree = "<group>"; };
		FA24E5562A981032009EC083 /* CreateAccaountVC.swift */ = {isa = PBXFileReference; lastKnownFileType = sourcecode.swift; path = CreateAccaountVC.swift; sourceTree = "<group>"; };
		FA4EB2A42A9AA7C3007CD829 /* UIViewControllerExt.swift */ = {isa = PBXFileReference; lastKnownFileType = sourcecode.swift; path = UIViewControllerExt.swift; sourceTree = "<group>"; };
		FA880E482A975D60006AC1BC /* HW15_SignInUpApp.app */ = {isa = PBXFileReference; explicitFileType = wrapper.application; includeInIndex = 0; path = HW15_SignInUpApp.app; sourceTree = BUILT_PRODUCTS_DIR; };
		FA880E4B2A975D60006AC1BC /* AppDelegate.swift */ = {isa = PBXFileReference; lastKnownFileType = sourcecode.swift; path = AppDelegate.swift; sourceTree = "<group>"; };
		FA880E4D2A975D60006AC1BC /* SceneDelegate.swift */ = {isa = PBXFileReference; lastKnownFileType = sourcecode.swift; path = SceneDelegate.swift; sourceTree = "<group>"; };
		FA880E522A975D60006AC1BC /* Base */ = {isa = PBXFileReference; lastKnownFileType = file.storyboard; name = Base; path = Base.lproj/MainStoryboard.storyboard; sourceTree = "<group>"; };
		FA880E542A975D63006AC1BC /* Assets.xcassets */ = {isa = PBXFileReference; lastKnownFileType = folder.assetcatalog; path = Assets.xcassets; sourceTree = "<group>"; };
		FA880E572A975D63006AC1BC /* Base */ = {isa = PBXFileReference; lastKnownFileType = file.storyboard; name = Base; path = Base.lproj/LaunchScreen.storyboard; sourceTree = "<group>"; };
		FA880E592A975D63006AC1BC /* Info.plist */ = {isa = PBXFileReference; lastKnownFileType = text.plist.xml; path = Info.plist; sourceTree = "<group>"; };
		FA880E612A976059006AC1BC /* SignInStoryboard.storyboard */ = {isa = PBXFileReference; lastKnownFileType = file.storyboard; path = SignInStoryboard.storyboard; sourceTree = "<group>"; };
		FA880E632A97663D006AC1BC /* SignUpStoryboard.storyboard */ = {isa = PBXFileReference; lastKnownFileType = file.storyboard; path = SignUpStoryboard.storyboard; sourceTree = "<group>"; };
		FA8D70A92A9D06D800FFDD69 /* VerificationService.swift */ = {isa = PBXFileReference; lastKnownFileType = sourcecode.swift; path = VerificationService.swift; sourceTree = "<group>"; };
		FA8D70AC2A9D52EE00FFDD69 /* UserModel.swift */ = {isa = PBXFileReference; lastKnownFileType = sourcecode.swift; path = UserModel.swift; sourceTree = "<group>"; };
		FA8D70AE2A9D572800FFDD69 /* VerificationsVC.swift */ = {isa = PBXFileReference; lastKnownFileType = sourcecode.swift; path = VerificationsVC.swift; sourceTree = "<group>"; };
/* End PBXFileReference section */

/* Begin PBXFrameworksBuildPhase section */
		FA880E452A975D60006AC1BC /* Frameworks */ = {
			isa = PBXFrameworksBuildPhase;
			buildActionMask = 2147483647;
			files = (
			);
			runOnlyForDeploymentPostprocessing = 0;
		};
/* End PBXFrameworksBuildPhase section */

/* Begin PBXGroup section */
		FA24E5532A97F4B1009EC083 /* Controllers */ = {
			isa = PBXGroup;
			children = (
				FA24E5542A97F71D009EC083 /* SignInVC.swift */,
				FA24E5562A981032009EC083 /* CreateAccaountVC.swift */,
				FA8D70AE2A9D572800FFDD69 /* VerificationsVC.swift */,
			);
			path = Controllers;
			sourceTree = "<group>";
		};
		FA4EB2A32A98E607007CD829 /* Extentions */ = {
			isa = PBXGroup;
			children = (
				FA4EB2A42A9AA7C3007CD829 /* UIViewControllerExt.swift */,
			);
			path = Extentions;
			sourceTree = "<group>";
		};
		FA880E3F2A975D60006AC1BC = {
			isa = PBXGroup;
			children = (
				FA880E4A2A975D60006AC1BC /* HW15_SignInUpApp */,
				FA880E492A975D60006AC1BC /* Products */,
			);
			sourceTree = "<group>";
		};
		FA880E492A975D60006AC1BC /* Products */ = {
			isa = PBXGroup;
			children = (
				FA880E482A975D60006AC1BC /* HW15_SignInUpApp.app */,
			);
			name = Products;
			sourceTree = "<group>";
		};
		FA880E4A2A975D60006AC1BC /* HW15_SignInUpApp */ = {
			isa = PBXGroup;
			children = (
				FA8D70AB2A9D52C000FFDD69 /* Models */,
				FA4EB2A32A98E607007CD829 /* Extentions */,
				FA24E5532A97F4B1009EC083 /* Controllers */,
				FA880E5F2A975E8F006AC1BC /* Views */,
				FA8D70A82A9D05F600FFDD69 /* Services */,
				FA880E592A975D63006AC1BC /* Info.plist */,
				FA880E542A975D63006AC1BC /* Assets.xcassets */,
				FA880E602A975EA3006AC1BC /* AppDeligate */,
			);
			path = HW15_SignInUpApp;
			sourceTree = "<group>";
		};
		FA880E5F2A975E8F006AC1BC /* Views */ = {
			isa = PBXGroup;
			children = (
				FA880E562A975D63006AC1BC /* LaunchScreen.storyboard */,
				FA880E612A976059006AC1BC /* SignInStoryboard.storyboard */,
				FA880E632A97663D006AC1BC /* SignUpStoryboard.storyboard */,
				FA880E512A975D60006AC1BC /* MainStoryboard.storyboard */,
			);
			path = Views;
			sourceTree = "<group>";
		};
		FA880E602A975EA3006AC1BC /* AppDeligate */ = {
			isa = PBXGroup;
			children = (
				FA880E4B2A975D60006AC1BC /* AppDelegate.swift */,
				FA880E4D2A975D60006AC1BC /* SceneDelegate.swift */,
			);
			path = AppDeligate;
			sourceTree = "<group>";
		};
		FA8D70A82A9D05F600FFDD69 /* Services */ = {
			isa = PBXGroup;
			children = (
				FA8D70A92A9D06D800FFDD69 /* VerificationService.swift */,
			);
			path = Services;
			sourceTree = "<group>";
		};
		FA8D70AB2A9D52C000FFDD69 /* Models */ = {
			isa = PBXGroup;
			children = (
				FA8D70AC2A9D52EE00FFDD69 /* UserModel.swift */,
			);
			path = Models;
			sourceTree = "<group>";
		};
/* End PBXGroup section */

/* Begin PBXNativeTarget section */
		FA880E472A975D60006AC1BC /* HW15_SignInUpApp */ = {
			isa = PBXNativeTarget;
			buildConfigurationList = FA880E5C2A975D63006AC1BC /* Build configuration list for PBXNativeTarget "HW15_SignInUpApp" */;
			buildPhases = (
				FA880E442A975D60006AC1BC /* Sources */,
				FA880E452A975D60006AC1BC /* Frameworks */,
				FA880E462A975D60006AC1BC /* Resources */,
			);
			buildRules = (
			);
			dependencies = (
			);
			name = HW15_SignInUpApp;
			productName = HW15_SignInUpApp;
			productReference = FA880E482A975D60006AC1BC /* HW15_SignInUpApp.app */;
			productType = "com.apple.product-type.application";
		};
/* End PBXNativeTarget section */

/* Begin PBXProject section */
		FA880E402A975D60006AC1BC /* Project object */ = {
			isa = PBXProject;
			attributes = {
				BuildIndependentTargetsInParallel = 1;
				LastSwiftUpdateCheck = 1340;
				LastUpgradeCheck = 1340;
				TargetAttributes = {
					FA880E472A975D60006AC1BC = {
						CreatedOnToolsVersion = 13.4.1;
					};
				};
			};
			buildConfigurationList = FA880E432A975D60006AC1BC /* Build configuration list for PBXProject "HW15_SignInUpApp" */;
			compatibilityVersion = "Xcode 13.0";
			developmentRegion = en;
			hasScannedForEncodings = 0;
			knownRegions = (
				en,
				Base,
			);
			mainGroup = FA880E3F2A975D60006AC1BC;
			productRefGroup = FA880E492A975D60006AC1BC /* Products */;
			projectDirPath = "";
			projectRoot = "";
			targets = (
				FA880E472A975D60006AC1BC /* HW15_SignInUpApp */,
			);
		};
/* End PBXProject section */

/* Begin PBXResourcesBuildPhase section */
		FA880E462A975D60006AC1BC /* Resources */ = {
			isa = PBXResourcesBuildPhase;
			buildActionMask = 2147483647;
			files = (
				FA880E642A97663D006AC1BC /* SignUpStoryboard.storyboard in Resources */,
				FA880E582A975D63006AC1BC /* LaunchScreen.storyboard in Resources */,
				FA880E552A975D63006AC1BC /* Assets.xcassets in Resources */,
				FA880E532A975D60006AC1BC /* MainStoryboard.storyboard in Resources */,
				FA880E622A976059006AC1BC /* SignInStoryboard.storyboard in Resources */,
			);
			runOnlyForDeploymentPostprocessing = 0;
		};
/* End PBXResourcesBuildPhase section */

/* Begin PBXSourcesBuildPhase section */
		FA880E442A975D60006AC1BC /* Sources */ = {
			isa = PBXSourcesBuildPhase;
			buildActionMask = 2147483647;
			files = (
				FA4EB2A52A9AA7C3007CD829 /* UIViewControllerExt.swift in Sources */,
				FA8D70AD2A9D52EE00FFDD69 /* UserModel.swift in Sources */,
				FA24E5572A981032009EC083 /* CreateAccaountVC.swift in Sources */,
				FA8D70AA2A9D06D800FFDD69 /* VerificationService.swift in Sources */,
				FA880E4C2A975D60006AC1BC /* AppDelegate.swift in Sources */,
				FA880E4E2A975D60006AC1BC /* SceneDelegate.swift in Sources */,
				FA24E5552A97F71D009EC083 /* SignInVC.swift in Sources */,
				FA8D70AF2A9D572800FFDD69 /* VerificationsVC.swift in Sources */,
			);
			runOnlyForDeploymentPostprocessing = 0;
		};
/* End PBXSourcesBuildPhase section */

/* Begin PBXVariantGroup section */
		FA880E512A975D60006AC1BC /* MainStoryboard.storyboard */ = {
			isa = PBXVariantGroup;
			children = (
				FA880E522A975D60006AC1BC /* Base */,
			);
			name = MainStoryboard.storyboard;
			sourceTree = "<group>";
		};
		FA880E562A975D63006AC1BC /* LaunchScreen.storyboard */ = {
			isa = PBXVariantGroup;
			children = (
				FA880E572A975D63006AC1BC /* Base */,
			);
			name = LaunchScreen.storyboard;
			sourceTree = "<group>";
		};
/* End PBXVariantGroup section */

/* Begin XCBuildConfiguration section */
		FA880E5A2A975D63006AC1BC /* Debug */ = {
			isa = XCBuildConfiguration;
			buildSettings = {
				ALWAYS_SEARCH_USER_PATHS = NO;
				CLANG_ANALYZER_NONNULL = YES;
				CLANG_ANALYZER_NUMBER_OBJECT_CONVERSION = YES_AGGRESSIVE;
				CLANG_CXX_LANGUAGE_STANDARD = "gnu++17";
				CLANG_ENABLE_MODULES = YES;
				CLANG_ENABLE_OBJC_ARC = YES;
				CLANG_ENABLE_OBJC_WEAK = YES;
				CLANG_WARN_BLOCK_CAPTURE_AUTORELEASING = YES;
				CLANG_WARN_BOOL_CONVERSION = YES;
				CLANG_WARN_COMMA = YES;
				CLANG_WARN_CONSTANT_CONVERSION = YES;
				CLANG_WARN_DEPRECATED_OBJC_IMPLEMENTATIONS = YES;
				CLANG_WARN_DIRECT_OBJC_ISA_USAGE = YES_ERROR;
				CLANG_WARN_DOCUMENTATION_COMMENTS = YES;
				CLANG_WARN_EMPTY_BODY = YES;
				CLANG_WARN_ENUM_CONVERSION = YES;
				CLANG_WARN_INFINITE_RECURSION = YES;
				CLANG_WARN_INT_CONVERSION = YES;
				CLANG_WARN_NON_LITERAL_NULL_CONVERSION = YES;
				CLANG_WARN_OBJC_IMPLICIT_RETAIN_SELF = YES;
				CLANG_WARN_OBJC_LITERAL_CONVERSION = YES;
				CLANG_WARN_OBJC_ROOT_CLASS = YES_ERROR;
				CLANG_WARN_QUOTED_INCLUDE_IN_FRAMEWORK_HEADER = YES;
				CLANG_WARN_RANGE_LOOP_ANALYSIS = YES;
				CLANG_WARN_STRICT_PROTOTYPES = YES;
				CLANG_WARN_SUSPICIOUS_MOVE = YES;
				CLANG_WARN_UNGUARDED_AVAILABILITY = YES_AGGRESSIVE;
				CLANG_WARN_UNREACHABLE_CODE = YES;
				CLANG_WARN__DUPLICATE_METHOD_MATCH = YES;
				COPY_PHASE_STRIP = NO;
				DEBUG_INFORMATION_FORMAT = dwarf;
				ENABLE_STRICT_OBJC_MSGSEND = YES;
				ENABLE_TESTABILITY = YES;
				GCC_C_LANGUAGE_STANDARD = gnu11;
				GCC_DYNAMIC_NO_PIC = NO;
				GCC_NO_COMMON_BLOCKS = YES;
				GCC_OPTIMIZATION_LEVEL = 0;
				GCC_PREPROCESSOR_DEFINITIONS = (
					"DEBUG=1",
					"$(inherited)",
				);
				GCC_WARN_64_TO_32_BIT_CONVERSION = YES;
				GCC_WARN_ABOUT_RETURN_TYPE = YES_ERROR;
				GCC_WARN_UNDECLARED_SELECTOR = YES;
				GCC_WARN_UNINITIALIZED_AUTOS = YES_AGGRESSIVE;
				GCC_WARN_UNUSED_FUNCTION = YES;
				GCC_WARN_UNUSED_VARIABLE = YES;
				IPHONEOS_DEPLOYMENT_TARGET = 15.5;
				MTL_ENABLE_DEBUG_INFO = INCLUDE_SOURCE;
				MTL_FAST_MATH = YES;
				ONLY_ACTIVE_ARCH = YES;
				SDKROOT = iphoneos;
				SWIFT_ACTIVE_COMPILATION_CONDITIONS = DEBUG;
				SWIFT_OPTIMIZATION_LEVEL = "-Onone";
			};
			name = Debug;
		};
		FA880E5B2A975D63006AC1BC /* Release */ = {
			isa = XCBuildConfiguration;
			buildSettings = {
				ALWAYS_SEARCH_USER_PATHS = NO;
				CLANG_ANALYZER_NONNULL = YES;
				CLANG_ANALYZER_NUMBER_OBJECT_CONVERSION = YES_AGGRESSIVE;
				CLANG_CXX_LANGUAGE_STANDARD = "gnu++17";
				CLANG_ENABLE_MODULES = YES;
				CLANG_ENABLE_OBJC_ARC = YES;
				CLANG_ENABLE_OBJC_WEAK = YES;
				CLANG_WARN_BLOCK_CAPTURE_AUTORELEASING = YES;
				CLANG_WARN_BOOL_CONVERSION = YES;
				CLANG_WARN_COMMA = YES;
				CLANG_WARN_CONSTANT_CONVERSION = YES;
				CLANG_WARN_DEPRECATED_OBJC_IMPLEMENTATIONS = YES;
				CLANG_WARN_DIRECT_OBJC_ISA_USAGE = YES_ERROR;
				CLANG_WARN_DOCUMENTATION_COMMENTS = YES;
				CLANG_WARN_EMPTY_BODY = YES;
				CLANG_WARN_ENUM_CONVERSION = YES;
				CLANG_WARN_INFINITE_RECURSION = YES;
				CLANG_WARN_INT_CONVERSION = YES;
				CLANG_WARN_NON_LITERAL_NULL_CONVERSION = YES;
				CLANG_WARN_OBJC_IMPLICIT_RETAIN_SELF = YES;
				CLANG_WARN_OBJC_LITERAL_CONVERSION = YES;
				CLANG_WARN_OBJC_ROOT_CLASS = YES_ERROR;
				CLANG_WARN_QUOTED_INCLUDE_IN_FRAMEWORK_HEADER = YES;
				CLANG_WARN_RANGE_LOOP_ANALYSIS = YES;
				CLANG_WARN_STRICT_PROTOTYPES = YES;
				CLANG_WARN_SUSPICIOUS_MOVE = YES;
				CLANG_WARN_UNGUARDED_AVAILABILITY = YES_AGGRESSIVE;
				CLANG_WARN_UNREACHABLE_CODE = YES;
				CLANG_WARN__DUPLICATE_METHOD_MATCH = YES;
				COPY_PHASE_STRIP = NO;
				DEBUG_INFORMATION_FORMAT = "dwarf-with-dsym";
				ENABLE_NS_ASSERTIONS = NO;
				ENABLE_STRICT_OBJC_MSGSEND = YES;
				GCC_C_LANGUAGE_STANDARD = gnu11;
				GCC_NO_COMMON_BLOCKS = YES;
				GCC_WARN_64_TO_32_BIT_CONVERSION = YES;
				GCC_WARN_ABOUT_RETURN_TYPE = YES_ERROR;
				GCC_WARN_UNDECLARED_SELECTOR = YES;
				GCC_WARN_UNINITIALIZED_AUTOS = YES_AGGRESSIVE;
				GCC_WARN_UNUSED_FUNCTION = YES;
				GCC_WARN_UNUSED_VARIABLE = YES;
				IPHONEOS_DEPLOYMENT_TARGET = 15.5;
				MTL_ENABLE_DEBUG_INFO = NO;
				MTL_FAST_MATH = YES;
				SDKROOT = iphoneos;
				SWIFT_COMPILATION_MODE = wholemodule;
				SWIFT_OPTIMIZATION_LEVEL = "-O";
				VALIDATE_PRODUCT = YES;
			};
			name = Release;
		};
		FA880E5D2A975D63006AC1BC /* Debug */ = {
			isa = XCBuildConfiguration;
			buildSettings = {
				ASSETCATALOG_COMPILER_APPICON_NAME = AppIcon;
				ASSETCATALOG_COMPILER_GLOBAL_ACCENT_COLOR_NAME = AccentColor;
				CODE_SIGN_STYLE = Automatic;
				CURRENT_PROJECT_VERSION = 1;
				DEVELOPMENT_TEAM = 6N3JPZKBPF;
				GENERATE_INFOPLIST_FILE = YES;
				INFOPLIST_FILE = HW15_SignInUpApp/Info.plist;
				INFOPLIST_KEY_UIApplicationSupportsIndirectInputEvents = YES;
				INFOPLIST_KEY_UILaunchStoryboardName = LaunchScreen;
				INFOPLIST_KEY_UIMainStoryboardFile = SignInStoryboard;
				INFOPLIST_KEY_UISupportedInterfaceOrientations_iPad = "UIInterfaceOrientationPortrait UIInterfaceOrientationPortraitUpsideDown UIInterfaceOrientationLandscapeLeft UIInterfaceOrientationLandscapeRight";
				INFOPLIST_KEY_UISupportedInterfaceOrientations_iPhone = "UIInterfaceOrientationPortrait UIInterfaceOrientationLandscapeLeft UIInterfaceOrientationLandscapeRight";
				LD_RUNPATH_SEARCH_PATHS = (
					"$(inherited)",
					"@executable_path/Frameworks",
				);
				MARKETING_VERSION = 1.0;
				PRODUCT_BUNDLE_IDENTIFIER = "shved.HW15-SignInUpApp";
				PRODUCT_NAME = "$(TARGET_NAME)";
				SWIFT_EMIT_LOC_STRINGS = YES;
				SWIFT_VERSION = 5.0;
				TARGETED_DEVICE_FAMILY = "1,2";
			};
			name = Debug;
		};
		FA880E5E2A975D63006AC1BC /* Release */ = {
			isa = XCBuildConfiguration;
			buildSettings = {
				ASSETCATALOG_COMPILER_APPICON_NAME = AppIcon;
				ASSETCATALOG_COMPILER_GLOBAL_ACCENT_COLOR_NAME = AccentColor;
				CODE_SIGN_STYLE = Automatic;
				CURRENT_PROJECT_VERSION = 1;
				DEVELOPMENT_TEAM = 6N3JPZKBPF;
				GENERATE_INFOPLIST_FILE = YES;
				INFOPLIST_FILE = HW15_SignInUpApp/Info.plist;
				INFOPLIST_KEY_UIApplicationSupportsIndirectInputEvents = YES;
				INFOPLIST_KEY_UILaunchStoryboardName = LaunchScreen;
				INFOPLIST_KEY_UIMainStoryboardFile = SignInStoryboard;
				INFOPLIST_KEY_UISupportedInterfaceOrientations_iPad = "UIInterfaceOrientationPortrait UIInterfaceOrientationPortraitUpsideDown UIInterfaceOrientationLandscapeLeft UIInterfaceOrientationLandscapeRight";
				INFOPLIST_KEY_UISupportedInterfaceOrientations_iPhone = "UIInterfaceOrientationPortrait UIInterfaceOrientationLandscapeLeft UIInterfaceOrientationLandscapeRight";
				LD_RUNPATH_SEARCH_PATHS = (
					"$(inherited)",
					"@executable_path/Frameworks",
				);
				MARKETING_VERSION = 1.0;
				PRODUCT_BUNDLE_IDENTIFIER = "shved.HW15-SignInUpApp";
				PRODUCT_NAME = "$(TARGET_NAME)";
				SWIFT_EMIT_LOC_STRINGS = YES;
				SWIFT_VERSION = 5.0;
				TARGETED_DEVICE_FAMILY = "1,2";
			};
			name = Release;
		};
/* End XCBuildConfiguration section */

/* Begin XCConfigurationList section */
		FA880E432A975D60006AC1BC /* Build configuration list for PBXProject "HW15_SignInUpApp" */ = {
			isa = XCConfigurationList;
			buildConfigurations = (
				FA880E5A2A975D63006AC1BC /* Debug */,
				FA880E5B2A975D63006AC1BC /* Release */,
			);
			defaultConfigurationIsVisible = 0;
			defaultConfigurationName = Release;
		};
		FA880E5C2A975D63006AC1BC /* Build configuration list for PBXNativeTarget "HW15_SignInUpApp" */ = {
			isa = XCConfigurationList;
			buildConfigurations = (
				FA880E5D2A975D63006AC1BC /* Debug */,
				FA880E5E2A975D63006AC1BC /* Release */,
			);
			defaultConfigurationIsVisible = 0;
			defaultConfigurationName = Release;
		};
/* End XCConfigurationList section */
	};
	rootObject = FA880E402A975D60006AC1BC /* Project object */;
}
